
Microsoft Visual Studio Solution File, Format Version 12.00
# Visual Studio Version 17
VisualStudioVersion = 17.11.35327.3
MinimumVisualStudioVersion = 10.0.40219.1
Project("{FAE04EC0-301F-11D3-BF4B-00C04F79EFBC}") = "Backpropagation", "Backpropagation\Backpropagation.csproj", "{EBD11FC8-03E8-4E8A-BA21-2E2A1246D2D1}"
EndProject
Global
	GlobalSection(SolutionConfigurationPlatforms) = preSolution
		Debug|Any CPU = Debug|Any CPU
		Release|Any CPU = Release|Any CPU
	EndGlobalSection
	GlobalSection(ProjectConfigurationPlatforms) = postSolution
		{EBD11FC8-03E8-4E8A-BA21-2E2A1246D2D1}.Debug|Any CPU.ActiveCfg = Debug|Any CPU
		{EBD11FC8-03E8-4E8A-BA21-2E2A1246D2D1}.Debug|Any CPU.Build.0 = Debug|Any CPU
		{EBD11FC8-03E8-4E8A-BA21-2E2A1246D2D1}.Release|Any CPU.ActiveCfg = Release|Any CPU
		{EBD11FC8-03E8-4E8A-BA21-2E2A1246D2D1}.Release|Any CPU.Build.0 = Release|Any CPU
	EndGlobalSection
	GlobalSection(SolutionProperties) = preSolution
		HideSolutionNode = FALSE
	EndGlobalSection
	GlobalSection(ExtensibilityGlobals) = postSolution
		SolutionGuid = {E7954144-B46D-48E5-9868-65598211DC02}
	EndGlobalSection
EndGlobal
